<Solution>
  <Folder Name="/Solution Items/">
    <File Path="Directory.Build.props" />
    <File Path="Directory.Packages.props" />
    <File Path="docker-compose.yaml" />
  </Folder>
  <Folder Name="/src/">
    <Project Path="src/SubscriptionService.Application/SubscriptionService.Application.csproj" />
    <Project Path="src/SubscriptionService.Domain/SubscriptionService.Domain.csproj" />
    <Project Path="src/SubscriptionService.Infrastructure/SubscriptionService.Infrastructure.csproj" />
    <Project Path="src/SubscriptionService.Web/SubscriptionService.Web.csproj" />
  </Folder>
  <Folder Name="/tests/">
    <Project Path="tests/SubscriptionService.Tests/SubscriptionService.Tests.csproj" />
  </Folder>
</Solution>
